// !$*UTF8*$!
{
	archiveVersion = 1;
	classes = {
	};
	objectVersion = 56;
	objects = {

/* Begin PBXBuildFile section */
		42F99050296D1E1F0087E4D1 /* AppDelegate.swift in Sources */ = {isa = PBXBuildFile; fileRef = 42F9904F296D1E1F0087E4D1 /* AppDelegate.swift */; };
		42F99052296D1E1F0087E4D1 /* SceneDelegate.swift in Sources */ = {isa = PBXBuildFile; fileRef = 42F99051296D1E1F0087E4D1 /* SceneDelegate.swift */; };
		42F99054296D1E1F0087E4D1 /* ViewController.swift in Sources */ = {isa = PBXBuildFile; fileRef = 42F99053296D1E1F0087E4D1 /* ViewController.swift */; };
		42F99057296D1E1F0087E4D1 /* Main.storyboard in Resources */ = {isa = PBXBuildFile; fileRef = 42F99055296D1E1F0087E4D1 /* Main.storyboard */; };
		42F99059296D1E220087E4D1 /* Assets.xcassets in Resources */ = {isa = PBXBuildFile; fileRef = 42F99058296D1E220087E4D1 /* Assets.xcassets */; };
		42F9905C296D1E220087E4D1 /* LaunchScreen.storyboard in Resources */ = {isa = PBXBuildFile; fileRef = 42F9905A296D1E220087E4D1 /* LaunchScreen.storyboard */; };
		42F99067296D1E220087E4D1 /* SwiftPayloadPushAppTests.swift in Sources */ = {isa = PBXBuildFile; fileRef = 42F99066296D1E220087E4D1 /* SwiftPayloadPushAppTests.swift */; };
		42F99071296D1E230087E4D1 /* SwiftPayloadPushAppUITests.swift in Sources */ = {isa = PBXBuildFile; fileRef = 42F99070296D1E230087E4D1 /* SwiftPayloadPushAppUITests.swift */; };
		42F99073296D1E230087E4D1 /* SwiftPayloadPushAppUITestsLaunchTests.swift in Sources */ = {isa = PBXBuildFile; fileRef = 42F99072296D1E230087E4D1 /* SwiftPayloadPushAppUITestsLaunchTests.swift */; };
		42F99081296D1E5F0087E4D1 /* NCMB in Frameworks */ = {isa = PBXBuildFile; productRef = 42F99080296D1E5F0087E4D1 /* NCMB */; };
/* End PBXBuildFile section */

/* Begin PBXContainerItemProxy section */
		42F99063296D1E220087E4D1 /* PBXContainerItemProxy */ = {
			isa = PBXContainerItemProxy;
			containerPortal = 42F99044296D1E1F0087E4D1 /* Project object */;
			proxyType = 1;
			remoteGlobalIDString = 42F9904B296D1E1F0087E4D1;
			remoteInfo = SwiftPayloadPushApp;
		};
		42F9906D296D1E230087E4D1 /* PBXContainerItemProxy */ = {
			isa = PBXContainerItemProxy;
			containerPortal = 42F99044296D1E1F0087E4D1 /* Project object */;
			proxyType = 1;
			remoteGlobalIDString = 42F9904B296D1E1F0087E4D1;
			remoteInfo = SwiftPayloadPushApp;
		};
/* End PBXContainerItemProxy section */

/* Begin PBXFileReference section */
		42F9904C296D1E1F0087E4D1 /* SwiftPayloadPushApp.app */ = {isa = PBXFileReference; explicitFileType = wrapper.application; includeInIndex = 0; path = SwiftPayloadPushApp.app; sourceTree = BUILT_PRODUCTS_DIR; };
		42F9904F296D1E1F0087E4D1 /* AppDelegate.swift */ = {isa = PBXFileReference; lastKnownFileType = sourcecode.swift; path = AppDelegate.swift; sourceTree = "<group>"; };
		42F99051296D1E1F0087E4D1 /* SceneDelegate.swift */ = {isa = PBXFileReference; lastKnownFileType = sourcecode.swift; path = SceneDelegate.swift; sourceTree = "<group>"; };
		42F99053296D1E1F0087E4D1 /* ViewController.swift */ = {isa = PBXFileReference; lastKnownFileType = sourcecode.swift; path = ViewController.swift; sourceTree = "<group>"; };
		42F99056296D1E1F0087E4D1 /* Base */ = {isa = PBXFileReference; lastKnownFileType = file.storyboard; name = Base; path = Base.lproj/Main.storyboard; sourceTree = "<group>"; };
		42F99058296D1E220087E4D1 /* Assets.xcassets */ = {isa = PBXFileReference; lastKnownFileType = folder.assetcatalog; path = Assets.xcassets; sourceTree = "<group>"; };
		42F9905B296D1E220087E4D1 /* Base */ = {isa = PBXFileReference; lastKnownFileType = file.storyboard; name = Base; path = Base.lproj/LaunchScreen.storyboard; sourceTree = "<group>"; };
		42F9905D296D1E220087E4D1 /* Info.plist */ = {isa = PBXFileReference; lastKnownFileType = text.plist.xml; path = Info.plist; sourceTree = "<group>"; };
		42F99062296D1E220087E4D1 /* SwiftPayloadPushAppTests.xctest */ = {isa = PBXFileReference; explicitFileType = wrapper.cfbundle; includeInIndex = 0; path = SwiftPayloadPushAppTests.xctest; sourceTree = BUILT_PRODUCTS_DIR; };
		42F99066296D1E220087E4D1 /* SwiftPayloadPushAppTests.swift */ = {isa = PBXFileReference; lastKnownFileType = sourcecode.swift; path = SwiftPayloadPushAppTests.swift; sourceTree = "<group>"; };
		42F9906C296D1E230087E4D1 /* SwiftPayloadPushAppUITests.xctest */ = {isa = PBXFileReference; explicitFileType = wrapper.cfbundle; includeInIndex = 0; path = SwiftPayloadPushAppUITests.xctest; sourceTree = BUILT_PRODUCTS_DIR; };
		42F99070296D1E230087E4D1 /* SwiftPayloadPushAppUITests.swift */ = {isa = PBXFileReference; lastKnownFileType = sourcecode.swift; path = SwiftPayloadPushAppUITests.swift; sourceTree = "<group>"; };
		42F99072296D1E230087E4D1 /* SwiftPayloadPushAppUITestsLaunchTests.swift */ = {isa = PBXFileReference; lastKnownFileType = sourcecode.swift; path = SwiftPayloadPushAppUITestsLaunchTests.swift; sourceTree = "<group>"; };
		42F99082296F93F60087E4D1 /* SwiftPayloadPushApp.entitlements */ = {isa = PBXFileReference; lastKnownFileType = text.plist.entitlements; path = SwiftPayloadPushApp.entitlements; sourceTree = "<group>"; };
/* End PBXFileReference section */

/* Begin PBXFrameworksBuildPhase section */
		42F99049296D1E1F0087E4D1 /* Frameworks */ = {
			isa = PBXFrameworksBuildPhase;
			buildActionMask = 2147483647;
			files = (
				42F99081296D1E5F0087E4D1 /* NCMB in Frameworks */,
			);
			runOnlyForDeploymentPostprocessing = 0;
		};
		42F9905F296D1E220087E4D1 /* Frameworks */ = {
			isa = PBXFrameworksBuildPhase;
			buildActionMask = 2147483647;
			files = (
			);
			runOnlyForDeploymentPostprocessing = 0;
		};
		42F99069296D1E230087E4D1 /* Frameworks */ = {
			isa = PBXFrameworksBuildPhase;
			buildActionMask = 2147483647;
			files = (
			);
			runOnlyForDeploymentPostprocessing = 0;
		};
/* End PBXFrameworksBuildPhase section */

/* Begin PBXGroup section */
		42F99043296D1E1F0087E4D1 = {
			isa = PBXGroup;
			children = (
				42F9904E296D1E1F0087E4D1 /* SwiftPayloadPushApp */,
				42F99065296D1E220087E4D1 /* SwiftPayloadPushAppTests */,
				42F9906F296D1E230087E4D1 /* SwiftPayloadPushAppUITests */,
				42F9904D296D1E1F0087E4D1 /* Products */,
			);
			sourceTree = "<group>";
		};
		42F9904D296D1E1F0087E4D1 /* Products */ = {
			isa = PBXGroup;
			children = (
				42F9904C296D1E1F0087E4D1 /* SwiftPayloadPushApp.app */,
				42F99062296D1E220087E4D1 /* SwiftPayloadPushAppTests.xctest */,
				42F9906C296D1E230087E4D1 /* SwiftPayloadPushAppUITests.xctest */,
			);
			name = Products;
			sourceTree = "<group>";
		};
		42F9904E296D1E1F0087E4D1 /* SwiftPayloadPushApp */ = {
			isa = PBXGroup;
			children = (
				42F99082296F93F60087E4D1 /* SwiftPayloadPushApp.entitlements */,
				42F9904F296D1E1F0087E4D1 /* AppDelegate.swift */,
				42F99051296D1E1F0087E4D1 /* SceneDelegate.swift */,
				42F99053296D1E1F0087E4D1 /* ViewController.swift */,
				42F99055296D1E1F0087E4D1 /* Main.storyboard */,
				42F99058296D1E220087E4D1 /* Assets.xcassets */,
				42F9905A296D1E220087E4D1 /* LaunchScreen.storyboard */,
				42F9905D296D1E220087E4D1 /* Info.plist */,
			);
			path = SwiftPayloadPushApp;
			sourceTree = "<group>";
		};
		42F99065296D1E220087E4D1 /* SwiftPayloadPushAppTests */ = {
			isa = PBXGroup;
			children = (
				42F99066296D1E220087E4D1 /* SwiftPayloadPushAppTests.swift */,
			);
			path = SwiftPayloadPushAppTests;
			sourceTree = "<group>";
		};
		42F9906F296D1E230087E4D1 /* SwiftPayloadPushAppUITests */ = {
			isa = PBXGroup;
			children = (
				42F99070296D1E230087E4D1 /* SwiftPayloadPushAppUITests.swift */,
				42F99072296D1E230087E4D1 /* SwiftPayloadPushAppUITestsLaunchTests.swift */,
			);
			path = SwiftPayloadPushAppUITests;
			sourceTree = "<group>";
		};
/* End PBXGroup section */

/* Begin PBXNativeTarget section */
		42F9904B296D1E1F0087E4D1 /* SwiftPayloadPushApp */ = {
			isa = PBXNativeTarget;
			buildConfigurationList = 42F99076296D1E230087E4D1 /* Build configuration list for PBXNativeTarget "SwiftPayloadPushApp" */;
			buildPhases = (
				42F99048296D1E1F0087E4D1 /* Sources */,
				42F99049296D1E1F0087E4D1 /* Frameworks */,
				42F9904A296D1E1F0087E4D1 /* Resources */,
			);
			buildRules = (
			);
			dependencies = (
			);
			name = SwiftPayloadPushApp;
			packageProductDependencies = (
				42F99080296D1E5F0087E4D1 /* NCMB */,
			);
			productName = SwiftPayloadPushApp;
			productReference = 42F9904C296D1E1F0087E4D1 /* SwiftPayloadPushApp.app */;
			productType = "com.apple.product-type.application";
		};
		42F99061296D1E220087E4D1 /* SwiftPayloadPushAppTests */ = {
			isa = PBXNativeTarget;
			buildConfigurationList = 42F99079296D1E230087E4D1 /* Build configuration list for PBXNativeTarget "SwiftPayloadPushAppTests" */;
			buildPhases = (
				42F9905E296D1E220087E4D1 /* Sources */,
				42F9905F296D1E220087E4D1 /* Frameworks */,
				42F99060296D1E220087E4D1 /* Resources */,
			);
			buildRules = (
			);
			dependencies = (
				42F99064296D1E220087E4D1 /* PBXTargetDependency */,
			);
			name = SwiftPayloadPushAppTests;
			productName = SwiftPayloadPushAppTests;
			productReference = 42F99062296D1E220087E4D1 /* SwiftPayloadPushAppTests.xctest */;
			productType = "com.apple.product-type.bundle.unit-test";
		};
		42F9906B296D1E230087E4D1 /* SwiftPayloadPushAppUITests */ = {
			isa = PBXNativeTarget;
			buildConfigurationList = 42F9907C296D1E230087E4D1 /* Build configuration list for PBXNativeTarget "SwiftPayloadPushAppUITests" */;
			buildPhases = (
				42F99068296D1E230087E4D1 /* Sources */,
				42F99069296D1E230087E4D1 /* Frameworks */,
				42F9906A296D1E230087E4D1 /* Resources */,
			);
			buildRules = (
			);
			dependencies = (
				42F9906E296D1E230087E4D1 /* PBXTargetDependency */,
			);
			name = SwiftPayloadPushAppUITests;
			productName = SwiftPayloadPushAppUITests;
			productReference = 42F9906C296D1E230087E4D1 /* SwiftPayloadPushAppUITests.xctest */;
			productType = "com.apple.product-type.bundle.ui-testing";
		};
/* End PBXNativeTarget section */

/* Begin PBXProject section */
		42F99044296D1E1F0087E4D1 /* Project object */ = {
			isa = PBXProject;
			attributes = {
				BuildIndependentTargetsInParallel = 1;
				LastSwiftUpdateCheck = 1400;
				LastUpgradeCheck = 1400;
				TargetAttributes = {
					42F9904B296D1E1F0087E4D1 = {
						CreatedOnToolsVersion = 14.0.1;
					};
					42F99061296D1E220087E4D1 = {
						CreatedOnToolsVersion = 14.0.1;
						TestTargetID = 42F9904B296D1E1F0087E4D1;
					};
					42F9906B296D1E230087E4D1 = {
						CreatedOnToolsVersion = 14.0.1;
						TestTargetID = 42F9904B296D1E1F0087E4D1;
					};
				};
			};
			buildConfigurationList = 42F99047296D1E1F0087E4D1 /* Build configuration list for PBXProject "SwiftPayloadPushApp" */;
			compatibilityVersion = "Xcode 14.0";
			developmentRegion = en;
			hasScannedForEncodings = 0;
			knownRegions = (
				en,
				Base,
			);
			mainGroup = 42F99043296D1E1F0087E4D1;
			packageReferences = (
				42F9907F296D1E5F0087E4D1 /* XCRemoteSwiftPackageReference "ncmb_swift" */,
			);
			productRefGroup = 42F9904D296D1E1F0087E4D1 /* Products */;
			projectDirPath = "";
			projectRoot = "";
			targets = (
				42F9904B296D1E1F0087E4D1 /* SwiftPayloadPushApp */,
				42F99061296D1E220087E4D1 /* SwiftPayloadPushAppTests */,
				42F9906B296D1E230087E4D1 /* SwiftPayloadPushAppUITests */,
			);
		};
/* End PBXProject section */

/* Begin PBXResourcesBuildPhase section */
		42F9904A296D1E1F0087E4D1 /* Resources */ = {
			isa = PBXResourcesBuildPhase;
			buildActionMask = 2147483647;
			files = (
				42F9905C296D1E220087E4D1 /* LaunchScreen.storyboard in Resources */,
				42F99059296D1E220087E4D1 /* Assets.xcassets in Resources */,
				42F99057296D1E1F0087E4D1 /* Main.storyboard in Resources */,
			);
			runOnlyForDeploymentPostprocessing = 0;
		};
		42F99060296D1E220087E4D1 /* Resources */ = {
			isa = PBXResourcesBuildPhase;
			buildActionMask = 2147483647;
			files = (
			);
			runOnlyForDeploymentPostprocessing = 0;
		};
		42F9906A296D1E230087E4D1 /* Resources */ = {
			isa = PBXResourcesBuildPhase;
			buildActionMask = 2147483647;
			files = (
			);
			runOnlyForDeploymentPostprocessing = 0;
		};
/* End PBXResourcesBuildPhase section */

/* Begin PBXSourcesBuildPhase section */
		42F99048296D1E1F0087E4D1 /* Sources */ = {
			isa = PBXSourcesBuildPhase;
			buildActionMask = 2147483647;
			files = (
				42F99054296D1E1F0087E4D1 /* ViewController.swift in Sources */,
				42F99050296D1E1F0087E4D1 /* AppDelegate.swift in Sources */,
				42F99052296D1E1F0087E4D1 /* SceneDelegate.swift in Sources */,
			);
			runOnlyForDeploymentPostprocessing = 0;
		};
		42F9905E296D1E220087E4D1 /* Sources */ = {
			isa = PBXSourcesBuildPhase;
			buildActionMask = 2147483647;
			files = (
				42F99067296D1E220087E4D1 /* SwiftPayloadPushAppTests.swift in Sources */,
			);
			runOnlyForDeploymentPostprocessing = 0;
		};
		42F99068296D1E230087E4D1 /* Sources */ = {
			isa = PBXSourcesBuildPhase;
			buildActionMask = 2147483647;
			files = (
				42F99071296D1E230087E4D1 /* SwiftPayloadPushAppUITests.swift in Sources */,
				42F99073296D1E230087E4D1 /* SwiftPayloadPushAppUITestsLaunchTests.swift in Sources */,
			);
			runOnlyForDeploymentPostprocessing = 0;
		};
/* End PBXSourcesBuildPhase section */

/* Begin PBXTargetDependency section */
		42F99064296D1E220087E4D1 /* PBXTargetDependency */ = {
			isa = PBXTargetDependency;
			target = 42F9904B296D1E1F0087E4D1 /* SwiftPayloadPushApp */;
			targetProxy = 42F99063296D1E220087E4D1 /* PBXContainerItemProxy */;
		};
		42F9906E296D1E230087E4D1 /* PBXTargetDependency */ = {
			isa = PBXTargetDependency;
			target = 42F9904B296D1E1F0087E4D1 /* SwiftPayloadPushApp */;
			targetProxy = 42F9906D296D1E230087E4D1 /* PBXContainerItemProxy */;
		};
/* End PBXTargetDependency section */

/* Begin PBXVariantGroup section */
		42F99055296D1E1F0087E4D1 /* Main.storyboard */ = {
			isa = PBXVariantGroup;
			children = (
				42F99056296D1E1F0087E4D1 /* Base */,
			);
			name = Main.storyboard;
			sourceTree = "<group>";
		};
		42F9905A296D1E220087E4D1 /* LaunchScreen.storyboard */ = {
			isa = PBXVariantGroup;
			children = (
				42F9905B296D1E220087E4D1 /* Base */,
			);
			name = LaunchScreen.storyboard;
			sourceTree = "<group>";
		};
/* End PBXVariantGroup section */

/* Begin XCBuildConfiguration section */
		42F99074296D1E230087E4D1 /* Debug */ = {
			isa = XCBuildConfiguration;
			buildSettings = {
				ALWAYS_SEARCH_USER_PATHS = NO;
				CLANG_ANALYZER_NONNULL = YES;
				CLANG_ANALYZER_NUMBER_OBJECT_CONVERSION = YES_AGGRESSIVE;
				CLANG_CXX_LANGUAGE_STANDARD = "gnu++20";
				CLANG_ENABLE_MODULES = YES;
				CLANG_ENABLE_OBJC_ARC = YES;
				CLANG_ENABLE_OBJC_WEAK = YES;
				CLANG_WARN_BLOCK_CAPTURE_AUTORELEASING = YES;
				CLANG_WARN_BOOL_CONVERSION = YES;
				CLANG_WARN_COMMA = YES;
				CLANG_WARN_CONSTANT_CONVERSION = YES;
				CLANG_WARN_DEPRECATED_OBJC_IMPLEMENTATIONS = YES;
				CLANG_WARN_DIRECT_OBJC_ISA_USAGE = YES_ERROR;
				CLANG_WARN_DOCUMENTATION_COMMENTS = YES;
				CLANG_WARN_EMPTY_BODY = YES;
				CLANG_WARN_ENUM_CONVERSION = YES;
				CLANG_WARN_INFINITE_RECURSION = YES;
				CLANG_WARN_INT_CONVERSION = YES;
				CLANG_WARN_NON_LITERAL_NULL_CONVERSION = YES;
				CLANG_WARN_OBJC_IMPLICIT_RETAIN_SELF = YES;
				CLANG_WARN_OBJC_LITERAL_CONVERSION = YES;
				CLANG_WARN_OBJC_ROOT_CLASS = YES_ERROR;
				CLANG_WARN_QUOTED_INCLUDE_IN_FRAMEWORK_HEADER = YES;
				CLANG_WARN_RANGE_LOOP_ANALYSIS = YES;
				CLANG_WARN_STRICT_PROTOTYPES = YES;
				CLANG_WARN_SUSPICIOUS_MOVE = YES;
				CLANG_WARN_UNGUARDED_AVAILABILITY = YES_AGGRESSIVE;
				CLANG_WARN_UNREACHABLE_CODE = YES;
				CLANG_WARN__DUPLICATE_METHOD_MATCH = YES;
				COPY_PHASE_STRIP = NO;
				DEBUG_INFORMATION_FORMAT = dwarf;
				ENABLE_STRICT_OBJC_MSGSEND = YES;
				ENABLE_TESTABILITY = YES;
				GCC_C_LANGUAGE_STANDARD = gnu11;
				GCC_DYNAMIC_NO_PIC = NO;
				GCC_NO_COMMON_BLOCKS = YES;
				GCC_OPTIMIZATION_LEVEL = 0;
				GCC_PREPROCESSOR_DEFINITIONS = (
					"DEBUG=1",
					"$(inherited)",
				);
				GCC_WARN_64_TO_32_BIT_CONVERSION = YES;
				GCC_WARN_ABOUT_RETURN_TYPE = YES_ERROR;
				GCC_WARN_UNDECLARED_SELECTOR = YES;
				GCC_WARN_UNINITIALIZED_AUTOS = YES_AGGRESSIVE;
				GCC_WARN_UNUSED_FUNCTION = YES;
				GCC_WARN_UNUSED_VARIABLE = YES;
				IPHONEOS_DEPLOYMENT_TARGET = 16.0;
				MTL_ENABLE_DEBUG_INFO = INCLUDE_SOURCE;
				MTL_FAST_MATH = YES;
				ONLY_ACTIVE_ARCH = YES;
				SDKROOT = iphoneos;
				SWIFT_ACTIVE_COMPILATION_CONDITIONS = DEBUG;
				SWIFT_OPTIMIZATION_LEVEL = "-Onone";
			};
			name = Debug;
		};
		42F99075296D1E230087E4D1 /* Release */ = {
			isa = XCBuildConfiguration;
			buildSettings = {
				ALWAYS_SEARCH_USER_PATHS = NO;
				CLANG_ANALYZER_NONNULL = YES;
				CLANG_ANALYZER_NUMBER_OBJECT_CONVERSION = YES_AGGRESSIVE;
				CLANG_CXX_LANGUAGE_STANDARD = "gnu++20";
				CLANG_ENABLE_MODULES = YES;
				CLANG_ENABLE_OBJC_ARC = YES;
				CLANG_ENABLE_OBJC_WEAK = YES;
				CLANG_WARN_BLOCK_CAPTURE_AUTORELEASING = YES;
				CLANG_WARN_BOOL_CONVERSION = YES;
				CLANG_WARN_COMMA = YES;
				CLANG_WARN_CONSTANT_CONVERSION = YES;
				CLANG_WARN_DEPRECATED_OBJC_IMPLEMENTATIONS = YES;
				CLANG_WARN_DIRECT_OBJC_ISA_USAGE = YES_ERROR;
				CLANG_WARN_DOCUMENTATION_COMMENTS = YES;
				CLANG_WARN_EMPTY_BODY = YES;
				CLANG_WARN_ENUM_CONVERSION = YES;
				CLANG_WARN_INFINITE_RECURSION = YES;
				CLANG_WARN_INT_CONVERSION = YES;
				CLANG_WARN_NON_LITERAL_NULL_CONVERSION = YES;
				CLANG_WARN_OBJC_IMPLICIT_RETAIN_SELF = YES;
				CLANG_WARN_OBJC_LITERAL_CONVERSION = YES;
				CLANG_WARN_OBJC_ROOT_CLASS = YES_ERROR;
				CLANG_WARN_QUOTED_INCLUDE_IN_FRAMEWORK_HEADER = YES;
				CLANG_WARN_RANGE_LOOP_ANALYSIS = YES;
				CLANG_WARN_STRICT_PROTOTYPES = YES;
				CLANG_WARN_SUSPICIOUS_MOVE = YES;
				CLANG_WARN_UNGUARDED_AVAILABILITY = YES_AGGRESSIVE;
				CLANG_WARN_UNREACHABLE_CODE = YES;
				CLANG_WARN__DUPLICATE_METHOD_MATCH = YES;
				COPY_PHASE_STRIP = NO;
				DEBUG_INFORMATION_FORMAT = "dwarf-with-dsym";
				ENABLE_NS_ASSERTIONS = NO;
				ENABLE_STRICT_OBJC_MSGSEND = YES;
				GCC_C_LANGUAGE_STANDARD = gnu11;
				GCC_NO_COMMON_BLOCKS = YES;
				GCC_WARN_64_TO_32_BIT_CONVERSION = YES;
				GCC_WARN_ABOUT_RETURN_TYPE = YES_ERROR;
				GCC_WARN_UNDECLARED_SELECTOR = YES;
				GCC_WARN_UNINITIALIZED_AUTOS = YES_AGGRESSIVE;
				GCC_WARN_UNUSED_FUNCTION = YES;
				GCC_WARN_UNUSED_VARIABLE = YES;
				IPHONEOS_DEPLOYMENT_TARGET = 16.0;
				MTL_ENABLE_DEBUG_INFO = NO;
				MTL_FAST_MATH = YES;
				SDKROOT = iphoneos;
				SWIFT_COMPILATION_MODE = wholemodule;
				SWIFT_OPTIMIZATION_LEVEL = "-O";
				VALIDATE_PRODUCT = YES;
			};
			name = Release;
		};
		42F99077296D1E230087E4D1 /* Debug */ = {
			isa = XCBuildConfiguration;
			buildSettings = {
				ASSETCATALOG_COMPILER_APPICON_NAME = AppIcon;
				ASSETCATALOG_COMPILER_GLOBAL_ACCENT_COLOR_NAME = AccentColor;
				CODE_SIGN_ENTITLEMENTS = SwiftPayloadPushApp/SwiftPayloadPushApp.entitlements;
				CODE_SIGN_STYLE = Automatic;
				CURRENT_PROJECT_VERSION = 1;
				DEVELOPMENT_TEAM = 93WJ9RBTRU;
				GENERATE_INFOPLIST_FILE = YES;
				INFOPLIST_FILE = SwiftPayloadPushApp/Info.plist;
				INFOPLIST_KEY_UIApplicationSupportsIndirectInputEvents = YES;
				INFOPLIST_KEY_UILaunchStoryboardName = LaunchScreen;
				INFOPLIST_KEY_UIMainStoryboardFile = Main;
				INFOPLIST_KEY_UISupportedInterfaceOrientations_iPad = "UIInterfaceOrientationPortrait UIInterfaceOrientationPortraitUpsideDown UIInterfaceOrientationLandscapeLeft UIInterfaceOrientationLandscapeRight";
				INFOPLIST_KEY_UISupportedInterfaceOrientations_iPhone = "UIInterfaceOrientationPortrait UIInterfaceOrientationLandscapeLeft UIInterfaceOrientationLandscapeRight";
				IPHONEOS_DEPLOYMENT_TARGET = 15.0;
				LD_RUNPATH_SEARCH_PATHS = (
					"$(inherited)",
					"@executable_path/Frameworks",
				);
				MARKETING_VERSION = 1.0;
				PRODUCT_BUNDLE_IDENTIFIER = jp.fj.fjct.ncmb.ikeda.natsumo.pushdemo;
				PRODUCT_NAME = "$(TARGET_NAME)";
				SWIFT_EMIT_LOC_STRINGS = YES;
				SWIFT_VERSION = 5.0;
				TARGETED_DEVICE_FAMILY = "1,2";
			};
			name = Debug;
		};
		42F99078296D1E230087E4D1 /* Release */ = {
			isa = XCBuildConfiguration;
			buildSettings = {
				ASSETCATALOG_COMPILER_APPICON_NAME = AppIcon;
				ASSETCATALOG_COMPILER_GLOBAL_ACCENT_COLOR_NAME = AccentColor;
				CODE_SIGN_ENTITLEMENTS = SwiftPayloadPushApp/SwiftPayloadPushApp.entitlements;
				CODE_SIGN_STYLE = Automatic;
				CURRENT_PROJECT_VERSION = 1;
				DEVELOPMENT_TEAM = 93WJ9RBTRU;
				GENERATE_INFOPLIST_FILE = YES;
				INFOPLIST_FILE = SwiftPayloadPushApp/Info.plist;
				INFOPLIST_KEY_UIApplicationSupportsIndirectInputEvents = YES;
				INFOPLIST_KEY_UILaunchStoryboardName = LaunchScreen;
				INFOPLIST_KEY_UIMainStoryboardFile = Main;
				INFOPLIST_KEY_UISupportedInterfaceOrientations_iPad = "UIInterfaceOrientationPortrait UIInterfaceOrientationPortraitUpsideDown UIInterfaceOrientationLandscapeLeft UIInterfaceOrientationLandscapeRight";
				INFOPLIST_KEY_UISupportedInterfaceOrientations_iPhone = "UIInterfaceOrientationPortrait UIInterfaceOrientationLandscapeLeft UIInterfaceOrientationLandscapeRight";
				IPHONEOS_DEPLOYMENT_TARGET = 15.0;
				LD_RUNPATH_SEARCH_PATHS = (
					"$(inherited)",
					"@executable_path/Frameworks",
				);
				MARKETING_VERSION = 1.0;
				PRODUCT_BUNDLE_IDENTIFIER = jp.fj.fjct.ncmb.ikeda.natsumo.pushdemo;
				PRODUCT_NAME = "$(TARGET_NAME)";
				SWIFT_EMIT_LOC_STRINGS = YES;
				SWIFT_VERSION = 5.0;
				TARGETED_DEVICE_FAMILY = "1,2";
			};
			name = Release;
		};
		42F9907A296D1E230087E4D1 /* Debug */ = {
			isa = XCBuildConfiguration;
			buildSettings = {
				ALWAYS_EMBED_SWIFT_STANDARD_LIBRARIES = YES;
				BUNDLE_LOADER = "$(TEST_HOST)";
				CODE_SIGN_STYLE = Automatic;
				CURRENT_PROJECT_VERSION = 1;
				GENERATE_INFOPLIST_FILE = YES;
				IPHONEOS_DEPLOYMENT_TARGET = 16.0;
				MARKETING_VERSION = 1.0;
				PRODUCT_BUNDLE_IDENTIFIER = jp.fujitsu.fjct.ncmb.quickstart.SwiftPayloadPushAppTests;
				PRODUCT_NAME = "$(TARGET_NAME)";
				SWIFT_EMIT_LOC_STRINGS = NO;
				SWIFT_VERSION = 5.0;
				TARGETED_DEVICE_FAMILY = "1,2";
				TEST_HOST = "$(BUILT_PRODUCTS_DIR)/SwiftPayloadPushApp.app/$(BUNDLE_EXECUTABLE_FOLDER_PATH)/SwiftPayloadPushApp";
			};
			name = Debug;
		};
		42F9907B296D1E230087E4D1 /* Release */ = {
			isa = XCBuildConfiguration;
			buildSettings = {
				ALWAYS_EMBED_SWIFT_STANDARD_LIBRARIES = YES;
				BUNDLE_LOADER = "$(TEST_HOST)";
				CODE_SIGN_STYLE = Automatic;
				CURRENT_PROJECT_VERSION = 1;
				GENERATE_INFOPLIST_FILE = YES;
				IPHONEOS_DEPLOYMENT_TARGET = 16.0;
				MARKETING_VERSION = 1.0;
				PRODUCT_BUNDLE_IDENTIFIER = jp.fujitsu.fjct.ncmb.quickstart.SwiftPayloadPushAppTests;
				PRODUCT_NAME = "$(TARGET_NAME)";
				SWIFT_EMIT_LOC_STRINGS = NO;
				SWIFT_VERSION = 5.0;
				TARGETED_DEVICE_FAMILY = "1,2";
				TEST_HOST = "$(BUILT_PRODUCTS_DIR)/SwiftPayloadPushApp.app/$(BUNDLE_EXECUTABLE_FOLDER_PATH)/SwiftPayloadPushApp";
			};
			name = Release;
		};
		42F9907D296D1E230087E4D1 /* Debug */ = {
			isa = XCBuildConfiguration;
			buildSettings = {
				ALWAYS_EMBED_SWIFT_STANDARD_LIBRARIES = YES;
				CODE_SIGN_STYLE = Automatic;
				CURRENT_PROJECT_VERSION = 1;
				GENERATE_INFOPLIST_FILE = YES;
				MARKETING_VERSION = 1.0;
				PRODUCT_BUNDLE_IDENTIFIER = jp.fujitsu.fjct.ncmb.quickstart.SwiftPayloadPushAppUITests;
				PRODUCT_NAME = "$(TARGET_NAME)";
				SWIFT_EMIT_LOC_STRINGS = NO;
				SWIFT_VERSION = 5.0;
				TARGETED_DEVICE_FAMILY = "1,2";
				TEST_TARGET_NAME = SwiftPayloadPushApp;
			};
			name = Debug;
		};
		42F9907E296D1E230087E4D1 /* Release */ = {
			isa = XCBuildConfiguration;
			buildSettings = {
				ALWAYS_EMBED_SWIFT_STANDARD_LIBRARIES = YES;
				CODE_SIGN_STYLE = Automatic;
				CURRENT_PROJECT_VERSION = 1;
				GENERATE_INFOPLIST_FILE = YES;
				MARKETING_VERSION = 1.0;
				PRODUCT_BUNDLE_IDENTIFIER = jp.fujitsu.fjct.ncmb.quickstart.SwiftPayloadPushAppUITests;
				PRODUCT_NAME = "$(TARGET_NAME)";
				SWIFT_EMIT_LOC_STRINGS = NO;
				SWIFT_VERSION = 5.0;
				TARGETED_DEVICE_FAMILY = "1,2";
				TEST_TARGET_NAME = SwiftPayloadPushApp;
			};
			name = Release;
		};
/* End XCBuildConfiguration section */

/* Begin XCConfigurationList section */
		42F99047296D1E1F0087E4D1 /* Build configuration list for PBXProject "SwiftPayloadPushApp" */ = {
			isa = XCConfigurationList;
			buildConfigurations = (
				42F99074296D1E230087E4D1 /* Debug */,
				42F99075296D1E230087E4D1 /* Release */,
			);
			defaultConfigurationIsVisible = 0;
			defaultConfigurationName = Release;
		};
		42F99076296D1E230087E4D1 /* Build configuration list for PBXNativeTarget "SwiftPayloadPushApp" */ = {
			isa = XCConfigurationList;
			buildConfigurations = (
				42F99077296D1E230087E4D1 /* Debug */,
				42F99078296D1E230087E4D1 /* Release */,
			);
			defaultConfigurationIsVisible = 0;
			defaultConfigurationName = Release;
		};
		42F99079296D1E230087E4D1 /* Build configuration list for PBXNativeTarget "SwiftPayloadPushAppTests" */ = {
			isa = XCConfigurationList;
			buildConfigurations = (
				42F9907A296D1E230087E4D1 /* Debug */,
				42F9907B296D1E230087E4D1 /* Release */,
			);
			defaultConfigurationIsVisible = 0;
			defaultConfigurationName = Release;
		};
		42F9907C296D1E230087E4D1 /* Build configuration list for PBXNativeTarget "SwiftPayloadPushAppUITests" */ = {
			isa = XCConfigurationList;
			buildConfigurations = (
				42F9907D296D1E230087E4D1 /* Debug */,
				42F9907E296D1E230087E4D1 /* Release */,
			);
			defaultConfigurationIsVisible = 0;
			defaultConfigurationName = Release;
		};
/* End XCConfigurationList section */

/* Begin XCRemoteSwiftPackageReference section */
		42F9907F296D1E5F0087E4D1 /* XCRemoteSwiftPackageReference "ncmb_swift" */ = {
			isa = XCRemoteSwiftPackageReference;
			repositoryURL = "https://github.com/NIFCLOUD-mbaas/ncmb_swift";
			requirement = {
				kind = upToNextMajorVersion;
				minimumVersion = 1.0.0;
			};
		};
/* End XCRemoteSwiftPackageReference section */

/* Begin XCSwiftPackageProductDependency section */
		42F99080296D1E5F0087E4D1 /* NCMB */ = {
			isa = XCSwiftPackageProductDependency;
			package = 42F9907F296D1E5F0087E4D1 /* XCRemoteSwiftPackageReference "ncmb_swift" */;
			productName = NCMB;
		};
/* End XCSwiftPackageProductDependency section */
	};
	rootObject = 42F99044296D1E1F0087E4D1 /* Project object */;
}
